
Microsoft Visual Studio Solution File, Format Version 12.00
# Visual Studio Version 16
VisualStudioVersion = 16.0.32002.261
MinimumVisualStudioVersion = 10.0.40219.1
Project("{FAE04EC0-301F-11D3-BF4B-00C04F79EFBC}") = "WebAPI_TruYumCaseStudy", "WebAPI_TruYumCaseStudy\WebAPI_TruYumCaseStudy.csproj", "{F03BC273-3156-4819-BA03-EBF36E963997}"
EndProject
Global
	GlobalSection(SolutionConfigurationPlatforms) = preSolution
		Debug|Any CPU = Debug|Any CPU
		Release|Any CPU = Release|Any CPU
	EndGlobalSection
	GlobalSection(ProjectConfigurationPlatforms) = postSolution
		{F03BC273-3156-4819-BA03-EBF36E963997}.Debug|Any CPU.ActiveCfg = Debug|Any CPU
		{F03BC273-3156-4819-BA03-EBF36E963997}.Debug|Any CPU.Build.0 = Debug|Any CPU
		{F03BC273-3156-4819-BA03-EBF36E963997}.Release|Any CPU.ActiveCfg = Release|Any CPU
		{F03BC273-3156-4819-BA03-EBF36E963997}.Release|Any CPU.Build.0 = Release|Any CPU
	EndGlobalSection
	GlobalSection(SolutionProperties) = preSolution
		HideSolutionNode = FALSE
	EndGlobalSection
	GlobalSection(ExtensibilityGlobals) = postSolution
		SolutionGuid = {EC58B3D5-B1F0-493B-88FA-EB51EBDDDE7D}
	EndGlobalSection
EndGlobal
